Microsoft Visual Studio Solution File, Format Version 9.00
# Visual Studio 2005
Project("{8BC9CEB8-8B4A-11D0-8D11-00A0C91BC942}") = "GiboSMS", "GiboSMS.vcproj", "{EE5F8B38-D0B4-497D-B5E9-29C1DAA4C45F}"
EndProject
Global
	GlobalSection(SolutionConfigurationPlatforms) = preSolution
		Debug|Win32 = Debug|Win32
		Release|Win32 = Release|Win32
	EndGlobalSection
	GlobalSection(ProjectConfigurationPlatforms) = postSolution
		{EE5F8B38-D0B4-497D-B5E9-29C1DAA4C45F}.Debug|Win32.ActiveCfg = Debug|Win32
		{EE5F8B38-D0B4-497D-B5E9-29C1DAA4C45F}.Debug|Win32.Build.0 = Debug|Win32
		{EE5F8B38-D0B4-497D-B5E9-29C1DAA4C45F}.Release|Win32.ActiveCfg = Release|Win32
		{EE5F8B38-D0B4-497D-B5E9-29C1DAA4C45F}.Release|Win32.Build.0 = Release|Win32
	EndGlobalSection
	GlobalSection(SolutionProperties) = preSolution
		HideSolutionNode = FALSE
	EndGlobalSection
EndGlobal
